
Microsoft Visual Studio Solution File, Format Version 12.00
# Visual Studio 14
VisualStudioVersion = 14.0.24720.0
MinimumVisualStudioVersion = 10.0.40219.1
Project("{2150E333-8FDC-42A3-9474-1A3956D46DE8}") = "src", "src", "{9BB94C0A-DE14-4540-BB5B-3E22ED1692FA}"
EndProject
Project("{2150E333-8FDC-42A3-9474-1A3956D46DE8}") = "Solution Items", "Solution Items", "{EAA795B1-5458-4CE4-A5B9-7EB1265A1585}"
	ProjectSection(SolutionItems) = preProject
		global.json = global.json
	EndProjectSection
EndProject
Project("{8BB2217D-0F2D-49D1-97BC-3654ED321F3B}") = "IdentityModel.AspNet.OAuth2Introspection", "src\IdentityModel.AspNet.OAuth2Introspection\IdentityModel.AspNet.OAuth2Introspection.xproj", "{21A3A7B3-4923-467A-B716-3AD8544842F8}"
EndProject
Global
	GlobalSection(SolutionConfigurationPlatforms) = preSolution
		Debug|Any CPU = Debug|Any CPU
		Release|Any CPU = Release|Any CPU
	EndGlobalSection
	GlobalSection(ProjectConfigurationPlatforms) = postSolution
		{21A3A7B3-4923-467A-B716-3AD8544842F8}.Debug|Any CPU.ActiveCfg = Debug|Any CPU
		{21A3A7B3-4923-467A-B716-3AD8544842F8}.Debug|Any CPU.Build.0 = Debug|Any CPU
		{21A3A7B3-4923-467A-B716-3AD8544842F8}.Release|Any CPU.ActiveCfg = Release|Any CPU
		{21A3A7B3-4923-467A-B716-3AD8544842F8}.Release|Any CPU.Build.0 = Release|Any CPU
	EndGlobalSection
	GlobalSection(SolutionProperties) = preSolution
		HideSolutionNode = FALSE
	EndGlobalSection
	GlobalSection(NestedProjects) = preSolution
		{21A3A7B3-4923-467A-B716-3AD8544842F8} = {9BB94C0A-DE14-4540-BB5B-3E22ED1692FA}
	EndGlobalSection
EndGlobal
